Microsoft Visual Studio Solution File, Format Version 12.00
# Visual Studio Version 17
VisualStudioVersion = 17.5.2.0
MinimumVisualStudioVersion = 10.0.40219.1
Project("{FAE04EC0-301F-11D3-BF4B-00C04F79EFBC}") = "CodeQLTestApp", "CodeQLTestApp.csproj", "{AB121A9A-6B8D-A367-97A2-7DE8970E5C82}"
EndProject
Global
	GlobalSection(SolutionConfigurationPlatforms) = preSolution
		Debug|Any CPU = Debug|Any CPU
		Release|Any CPU = Release|Any CPU
	EndGlobalSection
	GlobalSection(ProjectConfigurationPlatforms) = postSolution
		{AB121A9A-6B8D-A367-97A2-7DE8970E5C82}.Debug|Any CPU.ActiveCfg = Debug|Any CPU
		{AB121A9A-6B8D-A367-97A2-7DE8970E5C82}.Debug|Any CPU.Build.0 = Debug|Any CPU
		{AB121A9A-6B8D-A367-97A2-7DE8970E5C82}.Release|Any CPU.ActiveCfg = Release|Any CPU
		{AB121A9A-6B8D-A367-97A2-7DE8970E5C82}.Release|Any CPU.Build.0 = Release|Any CPU
	EndGlobalSection
	GlobalSection(SolutionProperties) = preSolution
		HideSolutionNode = FALSE
	EndGlobalSection
	GlobalSection(ExtensibilityGlobals) = postSolution
		SolutionGuid = {3518599A-8A75-41E9-8F06-0FBBE4A1820D}
	EndGlobalSection
EndGlobal
